
Microsoft Visual Studio Solution File, Format Version 12.00
# Visual Studio 2013
VisualStudioVersion = 12.0.31101.0
MinimumVisualStudioVersion = 10.0.40219.1
Project("{FAE04EC0-301F-11D3-BF4B-00C04F79EFBC}") = "CSharpExamples", "CSharpExample\CSharpExamples.csproj", "{30E7E09B-54ED-4704-B928-3147A947371E}"
EndProject
Project("{FAE04EC0-301F-11D3-BF4B-00C04F79EFBC}") = "ClientPerformance", "ClientPerformance\ClientPerformance.csproj", "{C9BE6823-0323-4D10-A936-F177B4D65E4F}"
EndProject
Global
	GlobalSection(SolutionConfigurationPlatforms) = preSolution
		Debug|Any CPU = Debug|Any CPU
		Release|Any CPU = Release|Any CPU
	EndGlobalSection
	GlobalSection(ProjectConfigurationPlatforms) = postSolution
		{30E7E09B-54ED-4704-B928-3147A947371E}.Debug|Any CPU.ActiveCfg = Debug|Any CPU
		{30E7E09B-54ED-4704-B928-3147A947371E}.Debug|Any CPU.Build.0 = Debug|Any CPU
		{30E7E09B-54ED-4704-B928-3147A947371E}.Release|Any CPU.ActiveCfg = Release|Any CPU
		{30E7E09B-54ED-4704-B928-3147A947371E}.Release|Any CPU.Build.0 = Release|Any CPU
		{C9BE6823-0323-4D10-A936-F177B4D65E4F}.Debug|Any CPU.ActiveCfg = Debug|Any CPU
		{C9BE6823-0323-4D10-A936-F177B4D65E4F}.Debug|Any CPU.Build.0 = Debug|Any CPU
		{C9BE6823-0323-4D10-A936-F177B4D65E4F}.Release|Any CPU.ActiveCfg = Release|Any CPU
		{C9BE6823-0323-4D10-A936-F177B4D65E4F}.Release|Any CPU.Build.0 = Release|Any CPU
	EndGlobalSection
	GlobalSection(SolutionProperties) = preSolution
		HideSolutionNode = FALSE
	EndGlobalSection
EndGlobal
